
Microsoft Visual Studio Solution File, Format Version 12.00
# Visual Studio Version 16
VisualStudioVersion = 16.0.29806.167
MinimumVisualStudioVersion = 10.0.40219.1
Project("{9A19103F-16F7-4668-BE54-9A1E7A4F7556}") = "BusBookingApp", "BusBookingApp\BusBookingApp.csproj", "{3D75CAEB-60AB-453E-8053-87809879E484}"
EndProject
Project("{9A19103F-16F7-4668-BE54-9A1E7A4F7556}") = "BusBookingAPI", "BusBookingAPI\BusBookingAPI.csproj", "{B8B9CC9E-53F5-4FE3-A152-B423A4A2B53A}"
EndProject
Project("{FAE04EC0-301F-11D3-BF4B-00C04F79EFBC}") = "DataAccessLayer", "DataAccessLayer\DataAccessLayer.csproj", "{A8DF0B1C-A648-4AC1-A634-54398C074457}"
EndProject
Project("{FAE04EC0-301F-11D3-BF4B-00C04F79EFBC}") = "RepositoryLayer", "RepositoryLayer\RepositoryLayer.csproj", "{1FFFA98E-5D5D-40BA-807C-57483C0774B0}"
EndProject
Project("{FAE04EC0-301F-11D3-BF4B-00C04F79EFBC}") = "ServiceLayer", "ServiceLayer\ServiceLayer.csproj", "{4B940985-6F9D-4043-BADF-2C8B7509F669}"
EndProject
Global
	GlobalSection(SolutionConfigurationPlatforms) = preSolution
		Debug|Any CPU = Debug|Any CPU
		Release|Any CPU = Release|Any CPU
	EndGlobalSection
	GlobalSection(ProjectConfigurationPlatforms) = postSolution
		{3D75CAEB-60AB-453E-8053-87809879E484}.Debug|Any CPU.ActiveCfg = Debug|Any CPU
		{3D75CAEB-60AB-453E-8053-87809879E484}.Debug|Any CPU.Build.0 = Debug|Any CPU
		{3D75CAEB-60AB-453E-8053-87809879E484}.Release|Any CPU.ActiveCfg = Release|Any CPU
		{3D75CAEB-60AB-453E-8053-87809879E484}.Release|Any CPU.Build.0 = Release|Any CPU
		{B8B9CC9E-53F5-4FE3-A152-B423A4A2B53A}.Debug|Any CPU.ActiveCfg = Debug|Any CPU
		{B8B9CC9E-53F5-4FE3-A152-B423A4A2B53A}.Debug|Any CPU.Build.0 = Debug|Any CPU
		{B8B9CC9E-53F5-4FE3-A152-B423A4A2B53A}.Release|Any CPU.ActiveCfg = Release|Any CPU
		{B8B9CC9E-53F5-4FE3-A152-B423A4A2B53A}.Release|Any CPU.Build.0 = Release|Any CPU
		{A8DF0B1C-A648-4AC1-A634-54398C074457}.Debug|Any CPU.ActiveCfg = Debug|Any CPU
		{A8DF0B1C-A648-4AC1-A634-54398C074457}.Debug|Any CPU.Build.0 = Debug|Any CPU
		{A8DF0B1C-A648-4AC1-A634-54398C074457}.Release|Any CPU.ActiveCfg = Release|Any CPU
		{A8DF0B1C-A648-4AC1-A634-54398C074457}.Release|Any CPU.Build.0 = Release|Any CPU
		{1FFFA98E-5D5D-40BA-807C-57483C0774B0}.Debug|Any CPU.ActiveCfg = Debug|Any CPU
		{1FFFA98E-5D5D-40BA-807C-57483C0774B0}.Debug|Any CPU.Build.0 = Debug|Any CPU
		{1FFFA98E-5D5D-40BA-807C-57483C0774B0}.Release|Any CPU.ActiveCfg = Release|Any CPU
		{1FFFA98E-5D5D-40BA-807C-57483C0774B0}.Release|Any CPU.Build.0 = Release|Any CPU
		{4B940985-6F9D-4043-BADF-2C8B7509F669}.Debug|Any CPU.ActiveCfg = Debug|Any CPU
		{4B940985-6F9D-4043-BADF-2C8B7509F669}.Debug|Any CPU.Build.0 = Debug|Any CPU
		{4B940985-6F9D-4043-BADF-2C8B7509F669}.Release|Any CPU.ActiveCfg = Release|Any CPU
		{4B940985-6F9D-4043-BADF-2C8B7509F669}.Release|Any CPU.Build.0 = Release|Any CPU
	EndGlobalSection
	GlobalSection(SolutionProperties) = preSolution
		HideSolutionNode = FALSE
	EndGlobalSection
	GlobalSection(ExtensibilityGlobals) = postSolution
		SolutionGuid = {86D74F92-79A6-4949-A45C-E11DA0E04B5A}
	EndGlobalSection
EndGlobal
